// !$*UTF8*$!
{
	archiveVersion = 1;
	classes = {
	};
	objectVersion = 50;
	objects = {

/* Begin PBXBuildFile section */
		2156F5752143A3800026E818 /* Assets.xcassets in Resources */ = {isa = PBXBuildFile; fileRef = 2156F5742143A3800026E818 /* Assets.xcassets */; };
		2156F5782143A3800026E818 /* LaunchScreen.storyboard in Resources */ = {isa = PBXBuildFile; fileRef = 2156F5762143A3800026E818 /* LaunchScreen.storyboard */; };
		2156F5832143A3800026E818 /* myTodayNewsTests.swift in Sources */ = {isa = PBXBuildFile; fileRef = 2156F5822143A3800026E818 /* myTodayNewsTests.swift */; };
		2156F58E2143A3800026E818 /* myTodayNewsUITests.swift in Sources */ = {isa = PBXBuildFile; fileRef = 2156F58D2143A3800026E818 /* myTodayNewsUITests.swift */; };
		2156F5C82143C5360026E818 /* HomeViewController.swift in Sources */ = {isa = PBXBuildFile; fileRef = 2156F5AC2143C5360026E818 /* HomeViewController.swift */; };
		2156F5C92143C5360026E818 /* VideoViewController.swift in Sources */ = {isa = PBXBuildFile; fileRef = 2156F5B12143C5360026E818 /* VideoViewController.swift */; };
		2156F5CA2143C5360026E818 /* HuoshanViewController.swift in Sources */ = {isa = PBXBuildFile; fileRef = 2156F5B62143C5360026E818 /* HuoshanViewController.swift */; };
		2156F5CB2143C5360026E818 /* AppDelegate.swift in Sources */ = {isa = PBXBuildFile; fileRef = 2156F5BA2143C5360026E818 /* AppDelegate.swift */; };
		2156F5CC2143C5360026E818 /* Info.plist in Resources */ = {isa = PBXBuildFile; fileRef = 2156F5BB2143C5360026E818 /* Info.plist */; };
		2156F5CD2143C5360026E818 /* MineViewController.swift in Sources */ = {isa = PBXBuildFile; fileRef = 2156F5BE2143C5360026E818 /* MineViewController.swift */; };
		2156F5CE2143C5360026E818 /* MyTabBarController.swift in Sources */ = {isa = PBXBuildFile; fileRef = 2156F5C32143C5360026E818 /* MyTabBarController.swift */; };
		2156F5CF2143C5360026E818 /* MyNavigationController.swift in Sources */ = {isa = PBXBuildFile; fileRef = 2156F5C42143C5360026E818 /* MyNavigationController.swift */; };
		2156F5D02143C5360026E818 /* MyTabBar.swift in Sources */ = {isa = PBXBuildFile; fileRef = 2156F5C72143C5360026E818 /* MyTabBar.swift */; };
		2156F5D32144CD880026E818 /* Const.swift in Sources */ = {isa = PBXBuildFile; fileRef = 2156F5D22144CD880026E818 /* Const.swift */; };
		2156F5D52144FF610026E818 /* UIColor+Extension.swift in Sources */ = {isa = PBXBuildFile; fileRef = 2156F5D42144FF610026E818 /* UIColor+Extension.swift */; };
		2156F5D8214515230026E818 /* NetworkTool.swift in Sources */ = {isa = PBXBuildFile; fileRef = 2156F5D7214515230026E818 /* NetworkTool.swift */; };
		2156F5DA214520340026E818 /* MyCellModel.swift in Sources */ = {isa = PBXBuildFile; fileRef = 2156F5D9214520340026E818 /* MyCellModel.swift */; };
		217CD1632149403C00FF2FB3 /* UIKit+Extension.swift in Sources */ = {isa = PBXBuildFile; fileRef = 217CD1622149403C00FF2FB3 /* UIKit+Extension.swift */; };
		219EF2F8214E504D00F34989 /* NoLoginHeaderView.xib in Resources */ = {isa = PBXBuildFile; fileRef = 219EF2F6214E504C00F34989 /* NoLoginHeaderView.xib */; };
		219EF2F9214E504D00F34989 /* NoLoginHeaderView.swift in Sources */ = {isa = PBXBuildFile; fileRef = 219EF2F7214E504C00F34989 /* NoLoginHeaderView.swift */; };
		219EF2FD214E6E3300F34989 /* default_theme.plist in Resources */ = {isa = PBXBuildFile; fileRef = 219EF2FB214E6E3300F34989 /* default_theme.plist */; };
		219EF2FE214E6E3300F34989 /* night_theme.plist in Resources */ = {isa = PBXBuildFile; fileRef = 219EF2FC214E6E3300F34989 /* night_theme.plist */; };
		219EF300214E6FC000F34989 /* MyTheme.swift in Sources */ = {isa = PBXBuildFile; fileRef = 219EF2FF214E6FC000F34989 /* MyTheme.swift */; };
		21D5CAE72147EB4400210932 /* myOtherCell.swift in Sources */ = {isa = PBXBuildFile; fileRef = 21D5CAE52147EB4400210932 /* myOtherCell.swift */; };
		21D5CAE82147EB4400210932 /* myOtherCell.xib in Resources */ = {isa = PBXBuildFile; fileRef = 21D5CAE62147EB4400210932 /* myOtherCell.xib */; };
		21D5CAEB2147F79700210932 /* MyFirstSectionCell.swift in Sources */ = {isa = PBXBuildFile; fileRef = 21D5CAE92147F79700210932 /* MyFirstSectionCell.swift */; };
		21D5CAEC2147F79700210932 /* MyFirstSectionCell.xib in Resources */ = {isa = PBXBuildFile; fileRef = 21D5CAEA2147F79700210932 /* MyFirstSectionCell.xib */; };
		21DC632C214B59B20084F604 /* MyConcernCell.swift in Sources */ = {isa = PBXBuildFile; fileRef = 21DC632A214B59B20084F604 /* MyConcernCell.swift */; };
		21DC632D214B59B20084F604 /* MyConcernCell.xib in Resources */ = {isa = PBXBuildFile; fileRef = 21DC632B214B59B20084F604 /* MyConcernCell.xib */; };
		CCE1300F1CD534FDAB478B6C /* Pods_myTodayNews.framework in Frameworks */ = {isa = PBXBuildFile; fileRef = 0CDC960363FC2BCE08FE7331 /* Pods_myTodayNews.framework */; };
/* End PBXBuildFile section */

/* Begin PBXContainerItemProxy section */
		2156F57F2143A3800026E818 /* PBXContainerItemProxy */ = {
			isa = PBXContainerItemProxy;
			containerPortal = 2156F5622143A37E0026E818 /* Project object */;
			proxyType = 1;
			remoteGlobalIDString = 2156F5692143A37E0026E818;
			remoteInfo = myTodayNews;
		};
		2156F58A2143A3800026E818 /* PBXContainerItemProxy */ = {
			isa = PBXContainerItemProxy;
			containerPortal = 2156F5622143A37E0026E818 /* Project object */;
			proxyType = 1;
			remoteGlobalIDString = 2156F5692143A37E0026E818;
			remoteInfo = myTodayNews;
		};
/* End PBXContainerItemProxy section */

/* Begin PBXFileReference section */
		0CDC960363FC2BCE08FE7331 /* Pods_myTodayNews.framework */ = {isa = PBXFileReference; explicitFileType = wrapper.framework; includeInIndex = 0; path = Pods_myTodayNews.framework; sourceTree = BUILT_PRODUCTS_DIR; };
		0D1F420999FA1F1AE1094F1B /* Pods_myTodayNewsTests.framework */ = {isa = PBXFileReference; explicitFileType = wrapper.framework; includeInIndex = 0; path = Pods_myTodayNewsTests.framework; sourceTree = BUILT_PRODUCTS_DIR; };
		2156F56A2143A37E0026E818 /* myTodayNews.app */ = {isa = PBXFileReference; explicitFileType = wrapper.application; includeInIndex = 0; path = myTodayNews.app; sourceTree = BUILT_PRODUCTS_DIR; };
		2156F5742143A3800026E818 /* Assets.xcassets */ = {isa = PBXFileReference; lastKnownFileType = folder.assetcatalog; path = Assets.xcassets; sourceTree = "<group>"; };
		2156F5772143A3800026E818 /* Base */ = {isa = PBXFileReference; lastKnownFileType = file.storyboard; name = Base; path = Base.lproj/LaunchScreen.storyboard; sourceTree = "<group>"; };
		2156F57E2143A3800026E818 /* myTodayNewsTests.xctest */ = {isa = PBXFileReference; explicitFileType = wrapper.cfbundle; includeInIndex = 0; path = myTodayNewsTests.xctest; sourceTree = BUILT_PRODUCTS_DIR; };
		2156F5822143A3800026E818 /* myTodayNewsTests.swift */ = {isa = PBXFileReference; lastKnownFileType = sourcecode.swift; path = myTodayNewsTests.swift; sourceTree = "<group>"; };
		2156F5842143A3800026E818 /* Info.plist */ = {isa = PBXFileReference; lastKnownFileType = text.plist.xml; path = Info.plist; sourceTree = "<group>"; };
		2156F5892143A3800026E818 /* myTodayNewsUITests.xctest */ = {isa = PBXFileReference; explicitFileType = wrapper.cfbundle; includeInIndex = 0; path = myTodayNewsUITests.xctest; sourceTree = BUILT_PRODUCTS_DIR; };
		2156F58D2143A3800026E818 /* myTodayNewsUITests.swift */ = {isa = PBXFileReference; lastKnownFileType = sourcecode.swift; path = myTodayNewsUITests.swift; sourceTree = "<group>"; };
		2156F58F2143A3800026E818 /* Info.plist */ = {isa = PBXFileReference; lastKnownFileType = text.plist.xml; path = Info.plist; sourceTree = "<group>"; };
		2156F5AC2143C5360026E818 /* HomeViewController.swift */ = {isa = PBXFileReference; fileEncoding = 4; lastKnownFileType = sourcecode.swift; path = HomeViewController.swift; sourceTree = "<group>"; };
		2156F5B12143C5360026E818 /* VideoViewController.swift */ = {isa = PBXFileReference; fileEncoding = 4; lastKnownFileType = sourcecode.swift; path = VideoViewController.swift; sourceTree = "<group>"; };
		2156F5B62143C5360026E818 /* HuoshanViewController.swift */ = {isa = PBXFileReference; fileEncoding = 4; lastKnownFileType = sourcecode.swift; path = HuoshanViewController.swift; sourceTree = "<group>"; };
		2156F5BA2143C5360026E818 /* AppDelegate.swift */ = {isa = PBXFileReference; fileEncoding = 4; lastKnownFileType = sourcecode.swift; path = AppDelegate.swift; sourceTree = "<group>"; };
		2156F5BB2143C5360026E818 /* Info.plist */ = {isa = PBXFileReference; fileEncoding = 4; lastKnownFileType = text.plist.xml; path = Info.plist; sourceTree = "<group>"; };
		2156F5BE2143C5360026E818 /* MineViewController.swift */ = {isa = PBXFileReference; fileEncoding = 4; lastKnownFileType = sourcecode.swift; path = MineViewController.swift; sourceTree = "<group>"; };
		2156F5C32143C5360026E818 /* MyTabBarController.swift */ = {isa = PBXFileReference; fileEncoding = 4; lastKnownFileType = sourcecode.swift; path = MyTabBarController.swift; sourceTree = "<group>"; };
		2156F5C42143C5360026E818 /* MyNavigationController.swift */ = {isa = PBXFileReference; fileEncoding = 4; lastKnownFileType = sourcecode.swift; path = MyNavigationController.swift; sourceTree = "<group>"; };
		2156F5C72143C5360026E818 /* MyTabBar.swift */ = {isa = PBXFileReference; fileEncoding = 4; lastKnownFileType = sourcecode.swift; path = MyTabBar.swift; sourceTree = "<group>"; };
		2156F5D22144CD880026E818 /* Const.swift */ = {isa = PBXFileReference; lastKnownFileType = sourcecode.swift; path = Const.swift; sourceTree = "<group>"; };
		2156F5D42144FF610026E818 /* UIColor+Extension.swift */ = {isa = PBXFileReference; lastKnownFileType = sourcecode.swift; path = "UIColor+Extension.swift"; sourceTree = "<group>"; };
		2156F5D7214515230026E818 /* NetworkTool.swift */ = {isa = PBXFileReference; lastKnownFileType = sourcecode.swift; path = NetworkTool.swift; sourceTree = "<group>"; };
		2156F5D9214520340026E818 /* MyCellModel.swift */ = {isa = PBXFileReference; lastKnownFileType = sourcecode.swift; path = MyCellModel.swift; sourceTree = "<group>"; };
		217CD1622149403C00FF2FB3 /* UIKit+Extension.swift */ = {isa = PBXFileReference; lastKnownFileType = sourcecode.swift; path = "UIKit+Extension.swift"; sourceTree = "<group>"; };
		219EF2F6214E504C00F34989 /* NoLoginHeaderView.xib */ = {isa = PBXFileReference; fileEncoding = 4; lastKnownFileType = file.xib; path = NoLoginHeaderView.xib; sourceTree = "<group>"; };
		219EF2F7214E504C00F34989 /* NoLoginHeaderView.swift */ = {isa = PBXFileReference; fileEncoding = 4; lastKnownFileType = sourcecode.swift; path = NoLoginHeaderView.swift; sourceTree = "<group>"; };
		219EF2FB214E6E3300F34989 /* default_theme.plist */ = {isa = PBXFileReference; fileEncoding = 4; lastKnownFileType = text.plist.xml; path = default_theme.plist; sourceTree = "<group>"; };
		219EF2FC214E6E3300F34989 /* night_theme.plist */ = {isa = PBXFileReference; fileEncoding = 4; lastKnownFileType = text.plist.xml; path = night_theme.plist; sourceTree = "<group>"; };
		219EF2FF214E6FC000F34989 /* MyTheme.swift */ = {isa = PBXFileReference; lastKnownFileType = sourcecode.swift; path = MyTheme.swift; sourceTree = "<group>"; };
		21D5CAE52147EB4400210932 /* myOtherCell.swift */ = {isa = PBXFileReference; lastKnownFileType = sourcecode.swift; path = myOtherCell.swift; sourceTree = "<group>"; };
		21D5CAE62147EB4400210932 /* myOtherCell.xib */ = {isa = PBXFileReference; lastKnownFileType = file.xib; path = myOtherCell.xib; sourceTree = "<group>"; };
		21D5CAE92147F79700210932 /* MyFirstSectionCell.swift */ = {isa = PBXFileReference; lastKnownFileType = sourcecode.swift; path = MyFirstSectionCell.swift; sourceTree = "<group>"; };
		21D5CAEA2147F79700210932 /* MyFirstSectionCell.xib */ = {isa = PBXFileReference; lastKnownFileType = file.xib; path = MyFirstSectionCell.xib; sourceTree = "<group>"; };
		21DC632A214B59B20084F604 /* MyConcernCell.swift */ = {isa = PBXFileReference; lastKnownFileType = sourcecode.swift; path = MyConcernCell.swift; sourceTree = "<group>"; };
		21DC632B214B59B20084F604 /* MyConcernCell.xib */ = {isa = PBXFileReference; lastKnownFileType = file.xib; path = MyConcernCell.xib; sourceTree = "<group>"; };
		9697F36C27F78AA279942B62 /* Pods-myTodayNews.debug.xcconfig */ = {isa = PBXFileReference; includeInIndex = 1; lastKnownFileType = text.xcconfig; name = "Pods-myTodayNews.debug.xcconfig"; path = "Pods/Target Support Files/Pods-myTodayNews/Pods-myTodayNews.debug.xcconfig"; sourceTree = "<group>"; };
		A25FE0ACD7CE9E3BC6366B7F /* Pods-myTodayNews.release.xcconfig */ = {isa = PBXFileReference; includeInIndex = 1; lastKnownFileType = text.xcconfig; name = "Pods-myTodayNews.release.xcconfig"; path = "Pods/Target Support Files/Pods-myTodayNews/Pods-myTodayNews.release.xcconfig"; sourceTree = "<group>"; };
		EA95D21A7E1CF905940644E6 /* Pods_myTodayNewsUITests.framework */ = {isa = PBXFileReference; explicitFileType = wrapper.framework; includeInIndex = 0; path = Pods_myTodayNewsUITests.framework; sourceTree = BUILT_PRODUCTS_DIR; };
/* End PBXFileReference section */

/* Begin PBXFrameworksBuildPhase section */
		2156F5672143A37E0026E818 /* Frameworks */ = {
			isa = PBXFrameworksBuildPhase;
			buildActionMask = 2147483647;
			files = (
				CCE1300F1CD534FDAB478B6C /* Pods_myTodayNews.framework in Frameworks */,
			);
			runOnlyForDeploymentPostprocessing = 0;
		};
		2156F57B2143A3800026E818 /* Frameworks */ = {
			isa = PBXFrameworksBuildPhase;
			buildActionMask = 2147483647;
			files = (
			);
			runOnlyForDeploymentPostprocessing = 0;
		};
		2156F5862143A3800026E818 /* Frameworks */ = {
			isa = PBXFrameworksBuildPhase;
			buildActionMask = 2147483647;
			files = (
			);
			runOnlyForDeploymentPostprocessing = 0;
		};
/* End PBXFrameworksBuildPhase section */

/* Begin PBXGroup section */
		2156F5612143A37E0026E818 = {
			isa = PBXGroup;
			children = (
				2156F56C2143A37E0026E818 /* myTodayNews */,
				2156F5812143A3800026E818 /* myTodayNewsTests */,
				2156F58C2143A3800026E818 /* myTodayNewsUITests */,
				2156F56B2143A37E0026E818 /* Products */,
				B054137C83C39DCBC93B6C27 /* Pods */,
				5D8992FAB638FDF6782E1B5B /* Frameworks */,
			);
			sourceTree = "<group>";
		};
		2156F56B2143A37E0026E818 /* Products */ = {
			isa = PBXGroup;
			children = (
				2156F56A2143A37E0026E818 /* myTodayNews.app */,
				2156F57E2143A3800026E818 /* myTodayNewsTests.xctest */,
				2156F5892143A3800026E818 /* myTodayNewsUITests.xctest */,
			);
			name = Products;
			sourceTree = "<group>";
		};
		2156F56C2143A37E0026E818 /* myTodayNews */ = {
			isa = PBXGroup;
			children = (
				2156F5A92143C5360026E818 /* Classes */,
				2156F5742143A3800026E818 /* Assets.xcassets */,
				2156F5762143A3800026E818 /* LaunchScreen.storyboard */,
			);
			path = myTodayNews;
			sourceTree = "<group>";
		};
		2156F5812143A3800026E818 /* myTodayNewsTests */ = {
			isa = PBXGroup;
			children = (
				2156F5822143A3800026E818 /* myTodayNewsTests.swift */,
				2156F5842143A3800026E818 /* Info.plist */,
			);
			path = myTodayNewsTests;
			sourceTree = "<group>";
		};
		2156F58C2143A3800026E818 /* myTodayNewsUITests */ = {
			isa = PBXGroup;
			children = (
				2156F58D2143A3800026E818 /* myTodayNewsUITests.swift */,
				2156F58F2143A3800026E818 /* Info.plist */,
			);
			path = myTodayNewsUITests;
			sourceTree = "<group>";
		};
		2156F5A92143C5360026E818 /* Classes */ = {
			isa = PBXGroup;
			children = (
				2156F5AA2143C5360026E818 /* Home */,
				2156F5AF2143C5360026E818 /* Video */,
				2156F5B42143C5360026E818 /* Huoshan */,
				2156F5B92143C5360026E818 /* Other */,
				2156F5BC2143C5360026E818 /* Mine */,
				2156F5C12143C5360026E818 /* Main */,
			);
			path = Classes;
			sourceTree = "<group>";
		};
		2156F5AA2143C5360026E818 /* Home */ = {
			isa = PBXGroup;
			children = (
				2156F5AB2143C5360026E818 /* Controller */,
				2156F5AD2143C5360026E818 /* Model */,
				2156F5AE2143C5360026E818 /* View */,
			);
			path = Home;
			sourceTree = "<group>";
		};
		2156F5AB2143C5360026E818 /* Controller */ = {
			isa = PBXGroup;
			children = (
				2156F5AC2143C5360026E818 /* HomeViewController.swift */,
			);
			path = Controller;
			sourceTree = "<group>";
		};
		2156F5AD2143C5360026E818 /* Model */ = {
			isa = PBXGroup;
			children = (
			);
			path = Model;
			sourceTree = "<group>";
		};
		2156F5AE2143C5360026E818 /* View */ = {
			isa = PBXGroup;
			children = (
			);
			path = View;
			sourceTree = "<group>";
		};
		2156F5AF2143C5360026E818 /* Video */ = {
			isa = PBXGroup;
			children = (
				2156F5B02143C5360026E818 /* Controller */,
				2156F5B22143C5360026E818 /* Model */,
				2156F5B32143C5360026E818 /* View */,
			);
			path = Video;
			sourceTree = "<group>";
		};
		2156F5B02143C5360026E818 /* Controller */ = {
			isa = PBXGroup;
			children = (
				2156F5B12143C5360026E818 /* VideoViewController.swift */,
			);
			path = Controller;
			sourceTree = "<group>";
		};
		2156F5B22143C5360026E818 /* Model */ = {
			isa = PBXGroup;
			children = (
			);
			path = Model;
			sourceTree = "<group>";
		};
		2156F5B32143C5360026E818 /* View */ = {
			isa = PBXGroup;
			children = (
			);
			path = View;
			sourceTree = "<group>";
		};
		2156F5B42143C5360026E818 /* Huoshan */ = {
			isa = PBXGroup;
			children = (
				2156F5B52143C5360026E818 /* Controller */,
				2156F5B72143C5360026E818 /* Model */,
				2156F5B82143C5360026E818 /* View */,
			);
			path = Huoshan;
			sourceTree = "<group>";
		};
		2156F5B52143C5360026E818 /* Controller */ = {
			isa = PBXGroup;
			children = (
				2156F5B62143C5360026E818 /* HuoshanViewController.swift */,
			);
			path = Controller;
			sourceTree = "<group>";
		};
		2156F5B72143C5360026E818 /* Model */ = {
			isa = PBXGroup;
			children = (
			);
			path = Model;
			sourceTree = "<group>";
		};
		2156F5B82143C5360026E818 /* View */ = {
			isa = PBXGroup;
			children = (
			);
			path = View;
			sourceTree = "<group>";
		};
		2156F5B92143C5360026E818 /* Other */ = {
			isa = PBXGroup;
			children = (
				219EF2FA214E6E3300F34989 /* Theme */,
				2156F5BA2143C5360026E818 /* AppDelegate.swift */,
				2156F5BB2143C5360026E818 /* Info.plist */,
				2156F5D22144CD880026E818 /* Const.swift */,
			);
			path = Other;
			sourceTree = "<group>";
		};
		2156F5BC2143C5360026E818 /* Mine */ = {
			isa = PBXGroup;
			children = (
				2156F5D6214515010026E818 /* Tools */,
				2156F5BD2143C5360026E818 /* Controller */,
				2156F5BF2143C5360026E818 /* Model */,
				2156F5C02143C5360026E818 /* View */,
			);
			path = Mine;
			sourceTree = "<group>";
		};
		2156F5BD2143C5360026E818 /* Controller */ = {
			isa = PBXGroup;
			children = (
				2156F5BE2143C5360026E818 /* MineViewController.swift */,
			);
			path = Controller;
			sourceTree = "<group>";
		};
		2156F5BF2143C5360026E818 /* Model */ = {
			isa = PBXGroup;
			children = (
				2156F5D9214520340026E818 /* MyCellModel.swift */,
			);
			path = Model;
			sourceTree = "<group>";
		};
		2156F5C02143C5360026E818 /* View */ = {
			isa = PBXGroup;
			children = (
				21D5CAE52147EB4400210932 /* myOtherCell.swift */,
				21D5CAE62147EB4400210932 /* myOtherCell.xib */,
				21D5CAE92147F79700210932 /* MyFirstSectionCell.swift */,
				21D5CAEA2147F79700210932 /* MyFirstSectionCell.xib */,
				21DC632A214B59B20084F604 /* MyConcernCell.swift */,
				21DC632B214B59B20084F604 /* MyConcernCell.xib */,
				219EF2F7214E504C00F34989 /* NoLoginHeaderView.swift */,
				219EF2F6214E504C00F34989 /* NoLoginHeaderView.xib */,
			);
			path = View;
			sourceTree = "<group>";
		};
		2156F5C12143C5360026E818 /* Main */ = {
			isa = PBXGroup;
			children = (
				2156F5D12144CCF70026E818 /* Extension */,
				2156F5C22143C5360026E818 /* Controller */,
				2156F5C52143C5360026E818 /* Model */,
				2156F5C62143C5360026E818 /* View */,
			);
			path = Main;
			sourceTree = "<group>";
		};
		2156F5C22143C5360026E818 /* Controller */ = {
			isa = PBXGroup;
			children = (
				2156F5C32143C5360026E818 /* MyTabBarController.swift */,
				2156F5C42143C5360026E818 /* MyNavigationController.swift */,
			);
			path = Controller;
			sourceTree = "<group>";
		};
		2156F5C52143C5360026E818 /* Model */ = {
			isa = PBXGroup;
			children = (
			);
			path = Model;
			sourceTree = "<group>";
		};
		2156F5C62143C5360026E818 /* View */ = {
			isa = PBXGroup;
			children = (
				2156F5C72143C5360026E818 /* MyTabBar.swift */,
			);
			path = View;
			sourceTree = "<group>";
		};
		2156F5D12144CCF70026E818 /* Extension */ = {
			isa = PBXGroup;
			children = (
				2156F5D42144FF610026E818 /* UIColor+Extension.swift */,
				217CD1622149403C00FF2FB3 /* UIKit+Extension.swift */,
			);
			path = Extension;
			sourceTree = "<group>";
		};
		2156F5D6214515010026E818 /* Tools */ = {
			isa = PBXGroup;
			children = (
				2156F5D7214515230026E818 /* NetworkTool.swift */,
				219EF2FF214E6FC000F34989 /* MyTheme.swift */,
			);
			path = Tools;
			sourceTree = "<group>";
		};
		219EF2FA214E6E3300F34989 /* Theme */ = {
			isa = PBXGroup;
			children = (
				219EF2FB214E6E3300F34989 /* default_theme.plist */,
				219EF2FC214E6E3300F34989 /* night_theme.plist */,
			);
			path = Theme;
			sourceTree = "<group>";
		};
		5D8992FAB638FDF6782E1B5B /* Frameworks */ = {
			isa = PBXGroup;
			children = (
				0CDC960363FC2BCE08FE7331 /* Pods_myTodayNews.framework */,
				0D1F420999FA1F1AE1094F1B /* Pods_myTodayNewsTests.framework */,
				EA95D21A7E1CF905940644E6 /* Pods_myTodayNewsUITests.framework */,
			);
			name = Frameworks;
			sourceTree = "<group>";
		};
		B054137C83C39DCBC93B6C27 /* Pods */ = {
			isa = PBXGroup;
			children = (
				9697F36C27F78AA279942B62 /* Pods-myTodayNews.debug.xcconfig */,
				A25FE0ACD7CE9E3BC6366B7F /* Pods-myTodayNews.release.xcconfig */,
			);
			name = Pods;
			sourceTree = "<group>";
		};
/* End PBXGroup section */

/* Begin PBXNativeTarget section */
		2156F5692143A37E0026E818 /* myTodayNews */ = {
			isa = PBXNativeTarget;
			buildConfigurationList = 2156F5922143A3800026E818 /* Build configuration list for PBXNativeTarget "myTodayNews" */;
			buildPhases = (
				042468F506C7C09DEEBA12DB /* [CP] Check Pods Manifest.lock */,
				2156F5662143A37E0026E818 /* Sources */,
				2156F5672143A37E0026E818 /* Frameworks */,
				2156F5682143A37E0026E818 /* Resources */,
				30656BDD9C37E5BA229CC949 /* [CP] Embed Pods Frameworks */,
			);
			buildRules = (
			);
			dependencies = (
			);
			name = myTodayNews;
			productName = myTodayNews;
			productReference = 2156F56A2143A37E0026E818 /* myTodayNews.app */;
			productType = "com.apple.product-type.application";
		};
		2156F57D2143A3800026E818 /* myTodayNewsTests */ = {
			isa = PBXNativeTarget;
			buildConfigurationList = 2156F5952143A3800026E818 /* Build configuration list for PBXNativeTarget "myTodayNewsTests" */;
			buildPhases = (
				2156F57A2143A3800026E818 /* Sources */,
				2156F57B2143A3800026E818 /* Frameworks */,
				2156F57C2143A3800026E818 /* Resources */,
			);
			buildRules = (
			);
			dependencies = (
				2156F5802143A3800026E818 /* PBXTargetDependency */,
			);
			name = myTodayNewsTests;
			productName = myTodayNewsTests;
			productReference = 2156F57E2143A3800026E818 /* myTodayNewsTests.xctest */;
			productType = "com.apple.product-type.bundle.unit-test";
		};
		2156F5882143A3800026E818 /* myTodayNewsUITests */ = {
			isa = PBXNativeTarget;
			buildConfigurationList = 2156F5982143A3800026E818 /* Build configuration list for PBXNativeTarget "myTodayNewsUITests" */;
			buildPhases = (
				2156F5852143A3800026E818 /* Sources */,
				2156F5862143A3800026E818 /* Frameworks */,
				2156F5872143A3800026E818 /* Resources */,
			);
			buildRules = (
			);
			dependencies = (
				2156F58B2143A3800026E818 /* PBXTargetDependency */,
			);
			name = myTodayNewsUITests;
			productName = myTodayNewsUITests;
			productReference = 2156F5892143A3800026E818 /* myTodayNewsUITests.xctest */;
			productType = "com.apple.product-type.bundle.ui-testing";
		};
/* End PBXNativeTarget section */

/* Begin PBXProject section */
		2156F5622143A37E0026E818 /* Project object */ = {
			isa = PBXProject;
			attributes = {
				LastSwiftUpdateCheck = 0940;
				LastUpgradeCheck = 0940;
				ORGANIZATIONNAME = yongzhen;
				TargetAttributes = {
					2156F5692143A37E0026E818 = {
						CreatedOnToolsVersion = 9.4.1;
					};
					2156F57D2143A3800026E818 = {
						CreatedOnToolsVersion = 9.4.1;
						TestTargetID = 2156F5692143A37E0026E818;
					};
					2156F5882143A3800026E818 = {
						CreatedOnToolsVersion = 9.4.1;
						TestTargetID = 2156F5692143A37E0026E818;
					};
				};
			};
			buildConfigurationList = 2156F5652143A37E0026E818 /* Build configuration list for PBXProject "myTodayNews" */;
			compatibilityVersion = "Xcode 9.3";
			developmentRegion = en;
			hasScannedForEncodings = 0;
			knownRegions = (
				en,
				Base,
			);
			mainGroup = 2156F5612143A37E0026E818;
			productRefGroup = 2156F56B2143A37E0026E818 /* Products */;
			projectDirPath = "";
			projectRoot = "";
			targets = (
				2156F5692143A37E0026E818 /* myTodayNews */,
				2156F57D2143A3800026E818 /* myTodayNewsTests */,
				2156F5882143A3800026E818 /* myTodayNewsUITests */,
			);
		};
/* End PBXProject section */

/* Begin PBXResourcesBuildPhase section */
		2156F5682143A37E0026E818 /* Resources */ = {
			isa = PBXResourcesBuildPhase;
			buildActionMask = 2147483647;
			files = (
				21D5CAE82147EB4400210932 /* myOtherCell.xib in Resources */,
				21D5CAEC2147F79700210932 /* MyFirstSectionCell.xib in Resources */,
				2156F5782143A3800026E818 /* LaunchScreen.storyboard in Resources */,
				2156F5752143A3800026E818 /* Assets.xcassets in Resources */,
				219EF2FD214E6E3300F34989 /* default_theme.plist in Resources */,
				21DC632D214B59B20084F604 /* MyConcernCell.xib in Resources */,
				219EF2FE214E6E3300F34989 /* night_theme.plist in Resources */,
				2156F5CC2143C5360026E818 /* Info.plist in Resources */,
				219EF2F8214E504D00F34989 /* NoLoginHeaderView.xib in Resources */,
			);
			runOnlyForDeploymentPostprocessing = 0;
		};
		2156F57C2143A3800026E818 /* Resources */ = {
			isa = PBXResourcesBuildPhase;
			buildActionMask = 2147483647;
			files = (
			);
			runOnlyForDeploymentPostprocessing = 0;
		};
		2156F5872143A3800026E818 /* Resources */ = {
			isa = PBXResourcesBuildPhase;
			buildActionMask = 2147483647;
			files = (
			);
			runOnlyForDeploymentPostprocessing = 0;
		};
/* End PBXResourcesBuildPhase section */

/* Begin PBXShellScriptBuildPhase section */
		042468F506C7C09DEEBA12DB /* [CP] Check Pods Manifest.lock */ = {
			isa = PBXShellScriptBuildPhase;
			buildActionMask = 2147483647;
			files = (
			);
			inputPaths = (
				"${PODS_PODFILE_DIR_PATH}/Podfile.lock",
				"${PODS_ROOT}/Manifest.lock",
			);
			name = "[CP] Check Pods Manifest.lock";
			outputPaths = (
				"$(DERIVED_FILE_DIR)/Pods-myTodayNews-checkManifestLockResult.txt",
			);
			runOnlyForDeploymentPostprocessing = 0;
			shellPath = /bin/sh;
			shellScript = "diff \"${PODS_PODFILE_DIR_PATH}/Podfile.lock\" \"${PODS_ROOT}/Manifest.lock\" > /dev/null\nif [ $? != 0 ] ; then\n    # print error to STDERR\n    echo \"error: The sandbox is not in sync with the Podfile.lock. Run 'pod install' or update your CocoaPods installation.\" >&2\n    exit 1\nfi\n# This output is used by Xcode 'outputs' to avoid re-running this script phase.\necho \"SUCCESS\" > \"${SCRIPT_OUTPUT_FILE_0}\"\n";
			showEnvVarsInLog = 0;
		};
		30656BDD9C37E5BA229CC949 /* [CP] Embed Pods Frameworks */ = {
			isa = PBXShellScriptBuildPhase;
			buildActionMask = 2147483647;
			files = (
			);
			inputPaths = (
				"${SRCROOT}/Pods/Target Support Files/Pods-myTodayNews/Pods-myTodayNews-frameworks.sh",
				"${BUILT_PRODUCTS_DIR}/Alamofire/Alamofire.framework",
				"${BUILT_PRODUCTS_DIR}/BMPlayer/BMPlayer.framework",
				"${BUILT_PRODUCTS_DIR}/FDFullscreenPopGesture/FDFullscreenPopGesture.framework",
				"${BUILT_PRODUCTS_DIR}/HandyJSON/HandyJSON.framework",
				"${BUILT_PRODUCTS_DIR}/IBAnimatable/IBAnimatable.framework",
				"${BUILT_PRODUCTS_DIR}/Kingfisher/Kingfisher.framework",
				"${BUILT_PRODUCTS_DIR}/MJRefresh/MJRefresh.framework",
				"${BUILT_PRODUCTS_DIR}/NVActivityIndicatorView/NVActivityIndicatorView.framework",
				"${BUILT_PRODUCTS_DIR}/PINCache/PINCache.framework",
				"${BUILT_PRODUCTS_DIR}/PINOperation/PINOperation.framework",
				"${BUILT_PRODUCTS_DIR}/PINRemoteImage/PINRemoteImage.framework",
				"${BUILT_PRODUCTS_DIR}/RxCocoa/RxCocoa.framework",
				"${BUILT_PRODUCTS_DIR}/RxSwift/RxSwift.framework",
				"${BUILT_PRODUCTS_DIR}/SGPagingView/SGPagingView.framework",
				"${BUILT_PRODUCTS_DIR}/SQLite.swift/SQLite.framework",
				"${BUILT_PRODUCTS_DIR}/SVProgressHUD/SVProgressHUD.framework",
				"${BUILT_PRODUCTS_DIR}/SnapKit/SnapKit.framework",
				"${BUILT_PRODUCTS_DIR}/SwiftTheme/SwiftTheme.framework",
				"${BUILT_PRODUCTS_DIR}/SwiftyJSON/SwiftyJSON.framework",
				"${BUILT_PRODUCTS_DIR}/Texture/AsyncDisplayKit.framework",
				"${BUILT_PRODUCTS_DIR}/lottie-ios/Lottie.framework",
			);
			name = "[CP] Embed Pods Frameworks";
			outputPaths = (
				"${TARGET_BUILD_DIR}/${FRAMEWORKS_FOLDER_PATH}/Alamofire.framework",
				"${TARGET_BUILD_DIR}/${FRAMEWORKS_FOLDER_PATH}/BMPlayer.framework",
				"${TARGET_BUILD_DIR}/${FRAMEWORKS_FOLDER_PATH}/FDFullscreenPopGesture.framework",
				"${TARGET_BUILD_DIR}/${FRAMEWORKS_FOLDER_PATH}/HandyJSON.framework",
				"${TARGET_BUILD_DIR}/${FRAMEWORKS_FOLDER_PATH}/IBAnimatable.framework",
				"${TARGET_BUILD_DIR}/${FRAMEWORKS_FOLDER_PATH}/Kingfisher.framework",
				"${TARGET_BUILD_DIR}/${FRAMEWORKS_FOLDER_PATH}/MJRefresh.framework",
				"${TARGET_BUILD_DIR}/${FRAMEWORKS_FOLDER_PATH}/NVActivityIndicatorView.framework",
				"${TARGET_BUILD_DIR}/${FRAMEWORKS_FOLDER_PATH}/PINCache.framework",
				"${TARGET_BUILD_DIR}/${FRAMEWORKS_FOLDER_PATH}/PINOperation.framework",
				"${TARGET_BUILD_DIR}/${FRAMEWORKS_FOLDER_PATH}/PINRemoteImage.framework",
				"${TARGET_BUILD_DIR}/${FRAMEWORKS_FOLDER_PATH}/RxCocoa.framework",
				"${TARGET_BUILD_DIR}/${FRAMEWORKS_FOLDER_PATH}/RxSwift.framework",
				"${TARGET_BUILD_DIR}/${FRAMEWORKS_FOLDER_PATH}/SGPagingView.framework",
				"${TARGET_BUILD_DIR}/${FRAMEWORKS_FOLDER_PATH}/SQLite.framework",
				"${TARGET_BUILD_DIR}/${FRAMEWORKS_FOLDER_PATH}/SVProgressHUD.framework",
				"${TARGET_BUILD_DIR}/${FRAMEWORKS_FOLDER_PATH}/SnapKit.framework",
				"${TARGET_BUILD_DIR}/${FRAMEWORKS_FOLDER_PATH}/SwiftTheme.framework",
				"${TARGET_BUILD_DIR}/${FRAMEWORKS_FOLDER_PATH}/SwiftyJSON.framework",
				"${TARGET_BUILD_DIR}/${FRAMEWORKS_FOLDER_PATH}/AsyncDisplayKit.framework",
				"${TARGET_BUILD_DIR}/${FRAMEWORKS_FOLDER_PATH}/Lottie.framework",
			);
			runOnlyForDeploymentPostprocessing = 0;
			shellPath = /bin/sh;
			shellScript = "\"${SRCROOT}/Pods/Target Support Files/Pods-myTodayNews/Pods-myTodayNews-frameworks.sh\"\n";
			showEnvVarsInLog = 0;
		};
/* End PBXShellScriptBuildPhase section */

/* Begin PBXSourcesBuildPhase section */
		2156F5662143A37E0026E818 /* Sources */ = {
			isa = PBXSourcesBuildPhase;
			buildActionMask = 2147483647;
			files = (
				2156F5D8214515230026E818 /* NetworkTool.swift in Sources */,
				2156F5CB2143C5360026E818 /* AppDelegate.swift in Sources */,
				21D5CAEB2147F79700210932 /* MyFirstSectionCell.swift in Sources */,
				21D5CAE72147EB4400210932 /* myOtherCell.swift in Sources */,
				217CD1632149403C00FF2FB3 /* UIKit+Extension.swift in Sources */,
				2156F5C92143C5360026E818 /* VideoViewController.swift in Sources */,
				2156F5C82143C5360026E818 /* HomeViewController.swift in Sources */,
				2156F5D02143C5360026E818 /* MyTabBar.swift in Sources */,
				2156F5CA2143C5360026E818 /* HuoshanViewController.swift in Sources */,
				2156F5CF2143C5360026E818 /* MyNavigationController.swift in Sources */,
				2156F5DA214520340026E818 /* MyCellModel.swift in Sources */,
				2156F5CD2143C5360026E818 /* MineViewController.swift in Sources */,
				219EF2F9214E504D00F34989 /* NoLoginHeaderView.swift in Sources */,
				21DC632C214B59B20084F604 /* MyConcernCell.swift in Sources */,
				2156F5CE2143C5360026E818 /* MyTabBarController.swift in Sources */,
				219EF300214E6FC000F34989 /* MyTheme.swift in Sources */,
				2156F5D32144CD880026E818 /* Const.swift in Sources */,
				2156F5D52144FF610026E818 /* UIColor+Extension.swift in Sources */,
			);
			runOnlyForDeploymentPostprocessing = 0;
		};
		2156F57A2143A3800026E818 /* Sources */ = {
			isa = PBXSourcesBuildPhase;
			buildActionMask = 2147483647;
			files = (
				2156F5832143A3800026E818 /* myTodayNewsTests.swift in Sources */,
			);
			runOnlyForDeploymentPostprocessing = 0;
		};
		2156F5852143A3800026E818 /* Sources */ = {
			isa = PBXSourcesBuildPhase;
			buildActionMask = 2147483647;
			files = (
				2156F58E2143A3800026E818 /* myTodayNewsUITests.swift in Sources */,
			);
			runOnlyForDeploymentPostprocessing = 0;
		};
/* End PBXSourcesBuildPhase section */

/* Begin PBXTargetDependency section */
		2156F5802143A3800026E818 /* PBXTargetDependency */ = {
			isa = PBXTargetDependency;
			target = 2156F5692143A37E0026E818 /* myTodayNews */;
			targetProxy = 2156F57F2143A3800026E818 /* PBXContainerItemProxy */;
		};
		2156F58B2143A3800026E818 /* PBXTargetDependency */ = {
			isa = PBXTargetDependency;
			target = 2156F5692143A37E0026E818 /* myTodayNews */;
			targetProxy = 2156F58A2143A3800026E818 /* PBXContainerItemProxy */;
		};
/* End PBXTargetDependency section */

/* Begin PBXVariantGroup section */
		2156F5762143A3800026E818 /* LaunchScreen.storyboard */ = {
			isa = PBXVariantGroup;
			children = (
				2156F5772143A3800026E818 /* Base */,
			);
			name = LaunchScreen.storyboard;
			sourceTree = "<group>";
		};
/* End PBXVariantGroup section */

/* Begin XCBuildConfiguration section */
		2156F5902143A3800026E818 /* Debug */ = {
			isa = XCBuildConfiguration;
			buildSettings = {
				ALWAYS_SEARCH_USER_PATHS = NO;
				CLANG_ANALYZER_NONNULL = YES;
				CLANG_ANALYZER_NUMBER_OBJECT_CONVERSION = YES_AGGRESSIVE;
				CLANG_CXX_LANGUAGE_STANDARD = "gnu++14";
				CLANG_CXX_LIBRARY = "libc++";
				CLANG_ENABLE_MODULES = YES;
				CLANG_ENABLE_OBJC_ARC = YES;
				CLANG_ENABLE_OBJC_WEAK = YES;
				CLANG_WARN_BLOCK_CAPTURE_AUTORELEASING = YES;
				CLANG_WARN_BOOL_CONVERSION = YES;
				CLANG_WARN_COMMA = YES;
				CLANG_WARN_CONSTANT_CONVERSION = YES;
				CLANG_WARN_DEPRECATED_OBJC_IMPLEMENTATIONS = YES;
				CLANG_WARN_DIRECT_OBJC_ISA_USAGE = YES_ERROR;
				CLANG_WARN_DOCUMENTATION_COMMENTS = YES;
				CLANG_WARN_EMPTY_BODY = YES;
				CLANG_WARN_ENUM_CONVERSION = YES;
				CLANG_WARN_INFINITE_RECURSION = YES;
				CLANG_WARN_INT_CONVERSION = YES;
				CLANG_WARN_NON_LITERAL_NULL_CONVERSION = YES;
				CLANG_WARN_OBJC_IMPLICIT_RETAIN_SELF = YES;
				CLANG_WARN_OBJC_LITERAL_CONVERSION = YES;
				CLANG_WARN_OBJC_ROOT_CLASS = YES_ERROR;
				CLANG_WARN_RANGE_LOOP_ANALYSIS = YES;
				CLANG_WARN_STRICT_PROTOTYPES = YES;
				CLANG_WARN_SUSPICIOUS_MOVE = YES;
				CLANG_WARN_UNGUARDED_AVAILABILITY = YES_AGGRESSIVE;
				CLANG_WARN_UNREACHABLE_CODE = YES;
				CLANG_WARN__DUPLICATE_METHOD_MATCH = YES;
				CODE_SIGN_IDENTITY = "iPhone Developer";
				COPY_PHASE_STRIP = NO;
				DEBUG_INFORMATION_FORMAT = dwarf;
				ENABLE_STRICT_OBJC_MSGSEND = YES;
				ENABLE_TESTABILITY = YES;
				GCC_C_LANGUAGE_STANDARD = gnu11;
				GCC_DYNAMIC_NO_PIC = NO;
				GCC_NO_COMMON_BLOCKS = YES;
				GCC_OPTIMIZATION_LEVEL = 0;
				GCC_PREPROCESSOR_DEFINITIONS = (
					"DEBUG=1",
					"$(inherited)",
				);
				GCC_WARN_64_TO_32_BIT_CONVERSION = YES;
				GCC_WARN_ABOUT_RETURN_TYPE = YES_ERROR;
				GCC_WARN_UNDECLARED_SELECTOR = YES;
				GCC_WARN_UNINITIALIZED_AUTOS = YES_AGGRESSIVE;
				GCC_WARN_UNUSED_FUNCTION = YES;
				GCC_WARN_UNUSED_VARIABLE = YES;
				IPHONEOS_DEPLOYMENT_TARGET = 11.4;
				MTL_ENABLE_DEBUG_INFO = YES;
				ONLY_ACTIVE_ARCH = YES;
				SDKROOT = iphoneos;
				SWIFT_ACTIVE_COMPILATION_CONDITIONS = DEBUG;
				SWIFT_OPTIMIZATION_LEVEL = "-Onone";
			};
			name = Debug;
		};
		2156F5912143A3800026E818 /* Release */ = {
			isa = XCBuildConfiguration;
			buildSettings = {
				ALWAYS_SEARCH_USER_PATHS = NO;
				CLANG_ANALYZER_NONNULL = YES;
				CLANG_ANALYZER_NUMBER_OBJECT_CONVERSION = YES_AGGRESSIVE;
				CLANG_CXX_LANGUAGE_STANDARD = "gnu++14";
				CLANG_CXX_LIBRARY = "libc++";
				CLANG_ENABLE_MODULES = YES;
				CLANG_ENABLE_OBJC_ARC = YES;
				CLANG_ENABLE_OBJC_WEAK = YES;
				CLANG_WARN_BLOCK_CAPTURE_AUTORELEASING = YES;
				CLANG_WARN_BOOL_CONVERSION = YES;
				CLANG_WARN_COMMA = YES;
				CLANG_WARN_CONSTANT_CONVERSION = YES;
				CLANG_WARN_DEPRECATED_OBJC_IMPLEMENTATIONS = YES;
				CLANG_WARN_DIRECT_OBJC_ISA_USAGE = YES_ERROR;
				CLANG_WARN_DOCUMENTATION_COMMENTS = YES;
				CLANG_WARN_EMPTY_BODY = YES;
				CLANG_WARN_ENUM_CONVERSION = YES;
				CLANG_WARN_INFINITE_RECURSION = YES;
				CLANG_WARN_INT_CONVERSION = YES;
				CLANG_WARN_NON_LITERAL_NULL_CONVERSION = YES;
				CLANG_WARN_OBJC_IMPLICIT_RETAIN_SELF = YES;
				CLANG_WARN_OBJC_LITERAL_CONVERSION = YES;
				CLANG_WARN_OBJC_ROOT_CLASS = YES_ERROR;
				CLANG_WARN_RANGE_LOOP_ANALYSIS = YES;
				CLANG_WARN_STRICT_PROTOTYPES = YES;
				CLANG_WARN_SUSPICIOUS_MOVE = YES;
				CLANG_WARN_UNGUARDED_AVAILABILITY = YES_AGGRESSIVE;
				CLANG_WARN_UNREACHABLE_CODE = YES;
				CLANG_WARN__DUPLICATE_METHOD_MATCH = YES;
				CODE_SIGN_IDENTITY = "iPhone Developer";
				COPY_PHASE_STRIP = NO;
				DEBUG_INFORMATION_FORMAT = "dwarf-with-dsym";
				ENABLE_NS_ASSERTIONS = NO;
				ENABLE_STRICT_OBJC_MSGSEND = YES;
				GCC_C_LANGUAGE_STANDARD = gnu11;
				GCC_NO_COMMON_BLOCKS = YES;
				GCC_WARN_64_TO_32_BIT_CONVERSION = YES;
				GCC_WARN_ABOUT_RETURN_TYPE = YES_ERROR;
				GCC_WARN_UNDECLARED_SELECTOR = YES;
				GCC_WARN_UNINITIALIZED_AUTOS = YES_AGGRESSIVE;
				GCC_WARN_UNUSED_FUNCTION = YES;
				GCC_WARN_UNUSED_VARIABLE = YES;
				IPHONEOS_DEPLOYMENT_TARGET = 11.4;
				MTL_ENABLE_DEBUG_INFO = NO;
				SDKROOT = iphoneos;
				SWIFT_COMPILATION_MODE = wholemodule;
				SWIFT_OPTIMIZATION_LEVEL = "-O";
				VALIDATE_PRODUCT = YES;
			};
			name = Release;
		};
		2156F5932143A3800026E818 /* Debug */ = {
			isa = XCBuildConfiguration;
			baseConfigurationReference = 9697F36C27F78AA279942B62 /* Pods-myTodayNews.debug.xcconfig */;
			buildSettings = {
				ASSETCATALOG_COMPILER_APPICON_NAME = AppIcon;
				CODE_SIGN_STYLE = Automatic;
				DEVELOPMENT_TEAM = 4BW29X768A;
				INFOPLIST_FILE = "$(SRCROOT)/myTodayNews/Classes/Other/Info.plist";
				IPHONEOS_DEPLOYMENT_TARGET = 9.0;
				LD_RUNPATH_SEARCH_PATHS = (
					"$(inherited)",
					"@executable_path/Frameworks",
				);
				PRODUCT_BUNDLE_IDENTIFIER = yongzhenyin.myTodayNews;
				PRODUCT_NAME = "$(TARGET_NAME)";
				SWIFT_VERSION = 4.0;
				TARGETED_DEVICE_FAMILY = "1,2";
			};
			name = Debug;
		};
		2156F5942143A3800026E818 /* Release */ = {
			isa = XCBuildConfiguration;
			baseConfigurationReference = A25FE0ACD7CE9E3BC6366B7F /* Pods-myTodayNews.release.xcconfig */;
			buildSettings = {
				ASSETCATALOG_COMPILER_APPICON_NAME = AppIcon;
				CODE_SIGN_STYLE = Automatic;
				DEVELOPMENT_TEAM = 4BW29X768A;
				INFOPLIST_FILE = "$(SRCROOT)/myTodayNews/Classes/Other/Info.plist";
				IPHONEOS_DEPLOYMENT_TARGET = 9.0;
				LD_RUNPATH_SEARCH_PATHS = (
					"$(inherited)",
					"@executable_path/Frameworks",
				);
				PRODUCT_BUNDLE_IDENTIFIER = yongzhenyin.myTodayNews;
				PRODUCT_NAME = "$(TARGET_NAME)";
				SWIFT_VERSION = 4.0;
				TARGETED_DEVICE_FAMILY = "1,2";
			};
			name = Release;
		};
		2156F5962143A3800026E818 /* Debug */ = {
			isa = XCBuildConfiguration;
			buildSettings = {
				ALWAYS_EMBED_SWIFT_STANDARD_LIBRARIES = YES;
				BUNDLE_LOADER = "$(TEST_HOST)";
				CODE_SIGN_STYLE = Automatic;
				INFOPLIST_FILE = myTodayNewsTests/Info.plist;
				LD_RUNPATH_SEARCH_PATHS = (
					"$(inherited)",
					"@executable_path/Frameworks",
					"@loader_path/Frameworks",
				);
				PRODUCT_BUNDLE_IDENTIFIER = yongzhenyin.myTodayNewsTests;
				PRODUCT_NAME = "$(TARGET_NAME)";
				SWIFT_VERSION = 4.0;
				TARGETED_DEVICE_FAMILY = "1,2";
				TEST_HOST = "$(BUILT_PRODUCTS_DIR)/myTodayNews.app/myTodayNews";
			};
			name = Debug;
		};
		2156F5972143A3800026E818 /* Release */ = {
			isa = XCBuildConfiguration;
			buildSettings = {
				ALWAYS_EMBED_SWIFT_STANDARD_LIBRARIES = YES;
				BUNDLE_LOADER = "$(TEST_HOST)";
				CODE_SIGN_STYLE = Automatic;
				INFOPLIST_FILE = myTodayNewsTests/Info.plist;
				LD_RUNPATH_SEARCH_PATHS = (
					"$(inherited)",
					"@executable_path/Frameworks",
					"@loader_path/Frameworks",
				);
				PRODUCT_BUNDLE_IDENTIFIER = yongzhenyin.myTodayNewsTests;
				PRODUCT_NAME = "$(TARGET_NAME)";
				SWIFT_VERSION = 4.0;
				TARGETED_DEVICE_FAMILY = "1,2";
				TEST_HOST = "$(BUILT_PRODUCTS_DIR)/myTodayNews.app/myTodayNews";
			};
			name = Release;
		};
		2156F5992143A3800026E818 /* Debug */ = {
			isa = XCBuildConfiguration;
			buildSettings = {
				ALWAYS_EMBED_SWIFT_STANDARD_LIBRARIES = YES;
				CODE_SIGN_STYLE = Automatic;
				INFOPLIST_FILE = myTodayNewsUITests/Info.plist;
				LD_RUNPATH_SEARCH_PATHS = (
					"$(inherited)",
					"@executable_path/Frameworks",
					"@loader_path/Frameworks",
				);
				PRODUCT_BUNDLE_IDENTIFIER = yongzhenyin.myTodayNewsUITests;
				PRODUCT_NAME = "$(TARGET_NAME)";
				SWIFT_VERSION = 4.0;
				TARGETED_DEVICE_FAMILY = "1,2";
				TEST_TARGET_NAME = myTodayNews;
			};
			name = Debug;
		};
		2156F59A2143A3800026E818 /* Release */ = {
			isa = XCBuildConfiguration;
			buildSettings = {
				ALWAYS_EMBED_SWIFT_STANDARD_LIBRARIES = YES;
				CODE_SIGN_STYLE = Automatic;
				INFOPLIST_FILE = myTodayNewsUITests/Info.plist;
				LD_RUNPATH_SEARCH_PATHS = (
					"$(inherited)",
					"@executable_path/Frameworks",
					"@loader_path/Frameworks",
				);
				PRODUCT_BUNDLE_IDENTIFIER = yongzhenyin.myTodayNewsUITests;
				PRODUCT_NAME = "$(TARGET_NAME)";
				SWIFT_VERSION = 4.0;
				TARGETED_DEVICE_FAMILY = "1,2";
				TEST_TARGET_NAME = myTodayNews;
			};
			name = Release;
		};
/* End XCBuildConfiguration section */

/* Begin XCConfigurationList section */
		2156F5652143A37E0026E818 /* Build configuration list for PBXProject "myTodayNews" */ = {
			isa = XCConfigurationList;
			buildConfigurations = (
				2156F5902143A3800026E818 /* Debug */,
				2156F5912143A3800026E818 /* Release */,
			);
			defaultConfigurationIsVisible = 0;
			defaultConfigurationName = Release;
		};
		2156F5922143A3800026E818 /* Build configuration list for PBXNativeTarget "myTodayNews" */ = {
			isa = XCConfigurationList;
			buildConfigurations = (
				2156F5932143A3800026E818 /* Debug */,
				2156F5942143A3800026E818 /* Release */,
			);
			defaultConfigurationIsVisible = 0;
			defaultConfigurationName = Release;
		};
		2156F5952143A3800026E818 /* Build configuration list for PBXNativeTarget "myTodayNewsTests" */ = {
			isa = XCConfigurationList;
			buildConfigurations = (
				2156F5962143A3800026E818 /* Debug */,
				2156F5972143A3800026E818 /* Release */,
			);
			defaultConfigurationIsVisible = 0;
			defaultConfigurationName = Release;
		};
		2156F5982143A3800026E818 /* Build configuration list for PBXNativeTarget "myTodayNewsUITests" */ = {
			isa = XCConfigurationList;
			buildConfigurations = (
				2156F5992143A3800026E818 /* Debug */,
				2156F59A2143A3800026E818 /* Release */,
			);
			defaultConfigurationIsVisible = 0;
			defaultConfigurationName = Release;
		};
/* End XCConfigurationList section */
	};
	rootObject = 2156F5622143A37E0026E818 /* Project object */;
}
